
Microsoft Visual Studio Solution File, Format Version 12.00
# Visual Studio Version 17
VisualStudioVersion = 17.5.33530.505
MinimumVisualStudioVersion = 10.0.40219.1
Project("{FAE04EC0-301F-11D3-BF4B-00C04F79EFBC}") = "Vozila.Model", "Vozila.Model\Vozila.Model.csproj", "{BF534738-1FAD-40C6-875C-3AF9744B764D}"
EndProject
Project("{FAE04EC0-301F-11D3-BF4B-00C04F79EFBC}") = "Vozila.App", "Vozila.App\Vozila.App.csproj", "{93786F45-C836-4B88-8A2A-47773C66900F}"
EndProject
Global
	GlobalSection(SolutionConfigurationPlatforms) = preSolution
		Debug|Any CPU = Debug|Any CPU
		Release|Any CPU = Release|Any CPU
	EndGlobalSection
	GlobalSection(ProjectConfigurationPlatforms) = postSolution
		{BF534738-1FAD-40C6-875C-3AF9744B764D}.Debug|Any CPU.ActiveCfg = Debug|Any CPU
		{BF534738-1FAD-40C6-875C-3AF9744B764D}.Debug|Any CPU.Build.0 = Debug|Any CPU
		{BF534738-1FAD-40C6-875C-3AF9744B764D}.Release|Any CPU.ActiveCfg = Release|Any CPU
		{BF534738-1FAD-40C6-875C-3AF9744B764D}.Release|Any CPU.Build.0 = Release|Any CPU
		{93786F45-C836-4B88-8A2A-47773C66900F}.Debug|Any CPU.ActiveCfg = Debug|Any CPU
		{93786F45-C836-4B88-8A2A-47773C66900F}.Debug|Any CPU.Build.0 = Debug|Any CPU
		{93786F45-C836-4B88-8A2A-47773C66900F}.Release|Any CPU.ActiveCfg = Release|Any CPU
		{93786F45-C836-4B88-8A2A-47773C66900F}.Release|Any CPU.Build.0 = Release|Any CPU
	EndGlobalSection
	GlobalSection(SolutionProperties) = preSolution
		HideSolutionNode = FALSE
	EndGlobalSection
	GlobalSection(ExtensibilityGlobals) = postSolution
		SolutionGuid = {50088593-51B4-4A1B-9D24-5C4F2B4AAA0D}
	EndGlobalSection
EndGlobal
